{
  "nodes": {
    "claude-code": {
      "inputs": {
        "flake-utils": "flake-utils",
        "nixpkgs": "nixpkgs"
      },
      "locked": {
        "lastModified": 1772674260,
        "narHash": "sha256-6Ks0v3VtZ6KKzZiCJXFTjH2oTXPaVFBpijji3xCSN/E=",
        "owner": "sadjow",
        "repo": "claude-code-nix",
        "rev": "4f5e65a89966a7de18b8449e60895209310f075f",
        "type": "github"
      },
      "original": {
        "owner": "sadjow",
        "repo": "claude-code-nix",
        "type": "github"
      }
    },
    "den": {
      "locked": {
        "lastModified": 1772696629,
        "narHash": "sha256-wJvv0ZAcjpHBo/MnDSEZ+Dti+daJvlxznDUgKUvkT3c=",
        "owner": "vic",
        "repo": "den",
        "rev": "94b8721bcff4940e1cce97c509d72545efa4a8e4",
        "type": "github"
      },
      "original": {
        "owner": "vic",
        "repo": "den",
        "type": "github"
      }
    },
    "flake-aspects": {
      "locked": {
        "lastModified": 1772679072,
        "narHash": "sha256-qrbfroFGetX5DS/n6gP6BifqGCO084b5ad8C5kwaLAk=",
        "owner": "vic",
        "repo": "flake-aspects",
        "rev": "82a472654139897fab1bcb2d96ae337fb7928800",
        "type": "github"
      },
      "original": {
        "owner": "vic",
        "repo": "flake-aspects",
        "type": "github"
      }
    },
    "flake-compat": {
      "flake": false,
      "locked": {
        "lastModified": 1767039857,
        "narHash": "sha256-vNpUSpF5Nuw8xvDLj2KCwwksIbjua2LZCqhV1LNRDns=",
        "owner": "edolstra",
        "repo": "flake-compat",
        "rev": "5edf11c44bc78a0d334f6334cdaf7d60d732daab",
        "type": "github"
      },
      "original": {
        "owner": "edolstra",
        "repo": "flake-compat",
        "type": "github"
      }
    },
    "flake-file": {
      "locked": {
        "lastModified": 1772677111,
        "narHash": "sha256-tFVzJ+A39OrBPK1lYlM5giUu6yl9pwjUGf6VR3b8Yho=",
        "owner": "vic",
        "repo": "flake-file",
        "rev": "f18f9bad86481621b9c378842987b172e91ca82c",
        "type": "github"
      },
      "original": {
        "owner": "vic",
        "repo": "flake-file",
        "type": "github"
      }
    },
    "flake-parts": {
      "inputs": {
        "nixpkgs-lib": [
          "nixpkgs-lib"
        ]
      },
      "locked": {
        "lastModified": 1772408722,
        "narHash": "sha256-rHuJtdcOjK7rAHpHphUb1iCvgkU3GpfvicLMwwnfMT0=",
        "owner": "hercules-ci",
        "repo": "flake-parts",
        "rev": "f20dc5d9b8027381c474144ecabc9034d6a839a3",
        "type": "github"
      },
      "original": {
        "owner": "hercules-ci",
        "repo": "flake-parts",
        "type": "github"
      }
    },
    "flake-utils": {
      "inputs": {
        "systems": "systems"
      },
      "locked": {
        "lastModified": 1731533236,
        "narHash": "sha256-l0KFg5HjrsfsO/JpG+r7fRrqm12kzFHyUHqHCVpMMbI=",
        "owner": "numtide",
        "repo": "flake-utils",
        "rev": "11707dc2f618dd54ca8739b309ec4fc024de578b",
        "type": "github"
      },
      "original": {
        "owner": "numtide",
        "repo": "flake-utils",
        "type": "github"
      }
    },
    "home-manager": {
      "inputs": {
        "nixpkgs": [
          "nixpkgs"
        ]
      },
      "locked": {
        "lastModified": 1772633327,
        "narHash": "sha256-jl+DJB2DUx7EbWLRng+6HNWW/1/VQOnf0NsQB4PlA7I=",
        "owner": "nix-community",
        "repo": "home-manager",
        "rev": "5a75730e6f21ee624cbf86f4915c6e7489c74acc",
        "type": "github"
      },
      "original": {
        "owner": "nix-community",
        "repo": "home-manager",
        "type": "github"
      }
    },
    "import-tree": {
      "locked": {
        "lastModified": 1772344373,
        "narHash": "sha256-OQQ1MhB9t1J71b2wxRRTdH/Qd8UGG0p+dGspfCf5U1c=",
        "owner": "vic",
        "repo": "import-tree",
        "rev": "10fda59eee7d7970ec443b925f32a1bc7526648c",
        "type": "github"
      },
      "original": {
        "owner": "vic",
        "repo": "import-tree",
        "type": "github"
      }
    },
    "jjui": {
      "inputs": {
        "flake-parts": [
          "nixpkgs"
        ],
        "nixpkgs": [
          "nixpkgs"
        ]
      },
      "locked": {
        "lastModified": 1772593124,
        "narHash": "sha256-bLT3RlUjKQbVNBSV6DOTd2XOAA08rcqSwb4ChFMJW/w=",
        "owner": "idursun",
        "repo": "jjui",
        "rev": "80b1c64db3fd19ea095ad7f4826fec722519617c",
        "type": "github"
      },
      "original": {
        "owner": "idursun",
        "repo": "jjui",
        "type": "github"
      }
    },
    "nixos-wsl": {
      "inputs": {
        "flake-compat": "flake-compat",
        "nixpkgs": [
          "nixpkgs"
        ]
      },
      "locked": {
        "lastModified": 1772386632,
        "narHash": "sha256-sm6OpWZuoDwR53KNlsY482YOoHFWlWYwt0wHmqLkRGE=",
        "owner": "nix-community",
        "repo": "nixos-wsl",
        "rev": "be894604b2aa2184c0b3d3b44995acd0da14dc0c",
        "type": "github"
      },
      "original": {
        "owner": "nix-community",
        "repo": "nixos-wsl",
        "type": "github"
      }
    },
    "nixpkgs": {
      "locked": {
        "lastModified": 1772643971,
        "narHash": "sha256-+bllfMsclzbAAPMZTm3K9G/a5lG+s6l18/AyyYLPSIE=",
        "owner": "NixOS",
        "repo": "nixpkgs",
        "rev": "400de68cd101e8cfebffea121397683caf7f5a34",
        "type": "github"
      },
      "original": {
        "owner": "NixOS",
        "ref": "nixpkgs-unstable",
        "repo": "nixpkgs",
        "type": "github"
      }
    },
    "nixpkgs_2": {
      "locked": {
        "lastModified": 1772643971,
        "narHash": "sha256-bxJZa7mwdOOL9ReglQiC4ZGuhPtNiaYiLNV+AYWDJUU=",
        "rev": "400de68cd101e8cfebffea121397683caf7f5a34",
        "type": "tarball",
        "url": "https://releases.nixos.org/nixpkgs/nixpkgs-26.05pre958387.400de68cd101/nixexprs.tar.xz"
      },
      "original": {
        "type": "tarball",
        "url": "https://channels.nixos.org/nixpkgs-unstable/nixexprs.tar.xz"
      }
    },
    "nixpkgs_3": {
      "locked": {
        "lastModified": 1772173633,
        "narHash": "sha256-MOH58F4AIbCkh6qlQcwMycyk5SWvsqnS/TCfnqDlpj4=",
        "owner": "NixOS",
        "repo": "nixpkgs",
        "rev": "c0f3d81a7ddbc2b1332be0d8481a672b4f6004d6",
        "type": "github"
      },
      "original": {
        "owner": "NixOS",
        "ref": "nixpkgs-unstable",
        "repo": "nixpkgs",
        "type": "github"
      }
    },
    "root": {
      "inputs": {
        "claude-code": "claude-code",
        "den": "den",
        "flake-aspects": "flake-aspects",
        "flake-file": "flake-file",
        "flake-parts": "flake-parts",
        "home-manager": "home-manager",
        "import-tree": "import-tree",
        "jjui": "jjui",
        "nixos-wsl": "nixos-wsl",
        "nixpkgs": "nixpkgs_2",
        "nixpkgs-lib": [
          "nixpkgs"
        ],
        "sops-nix": "sops-nix",
        "systems": "systems_2"
      }
    },
    "sops-nix": {
      "inputs": {
        "nixpkgs": "nixpkgs_3"
      },
      "locked": {
        "lastModified": 1772495394,
        "narHash": "sha256-hmIvE/slLKEFKNEJz27IZ8BKlAaZDcjIHmkZ7GCEjfw=",
        "owner": "Mic92",
        "repo": "sops-nix",
        "rev": "1d9b98a29a45abe9c4d3174bd36de9f28755e3ff",
        "type": "github"
      },
      "original": {
        "owner": "Mic92",
        "repo": "sops-nix",
        "type": "github"
      }
    },
    "systems": {
      "locked": {
        "lastModified": 1681028828,
        "narHash": "sha256-Vy1rq5AaRuLzOxct8nz4T6wlgyUR7zLU309k9mBC768=",
        "owner": "nix-systems",
        "repo": "default",
        "rev": "da67096a3b9bf56a91d16901293e51ba5b49a27e",
        "type": "github"
      },
      "original": {
        "owner": "nix-systems",
        "repo": "default",
        "type": "github"
      }
    },
    "systems_2": {
      "locked": {
        "lastModified": 1681028828,
        "narHash": "sha256-Vy1rq5AaRuLzOxct8nz4T6wlgyUR7zLU309k9mBC768=",
        "owner": "nix-systems",
        "repo": "default",
        "rev": "da67096a3b9bf56a91d16901293e51ba5b49a27e",
        "type": "github"
      },
      "original": {
        "owner": "nix-systems",
        "repo": "default",
        "type": "github"
      }
    }
  },
  "root": "root",
  "version": 7
}
